
Microsoft Visual Studio Solution File, Format Version 12.00
# Visual Studio Version 17
VisualStudioVersion = 17.5.002.0
MinimumVisualStudioVersion = 10.0.40219.1
Project("{2150E333-8FDC-42A3-9474-1A3956D46DE8}") = "csharp-prep", "csharp-prep", "{506B51C9-59EB-44EB-A6DC-E77BC6C1885C}"
EndProject
Project("{9A19103F-16F7-4668-BE54-9A1E7A4F7556}") = "Prep1", "csharp-prep\Prep1\Prep1.csproj", "{165F557E-93BC-4308-901B-7225D92A31E4}"
EndProject
Project("{9A19103F-16F7-4668-BE54-9A1E7A4F7556}") = "Prep2", "csharp-prep\Prep2\Prep2.csproj", "{9B334CAA-3463-427C-8D8D-22C565F542DF}"
EndProject
Project("{9A19103F-16F7-4668-BE54-9A1E7A4F7556}") = "Prep3", "csharp-prep\Prep3\Prep3.csproj", "{647E4FD7-34DF-43AD-9B50-93AE24E6665E}"
EndProject
Project("{9A19103F-16F7-4668-BE54-9A1E7A4F7556}") = "Prep4", "csharp-prep\Prep4\Prep4.csproj", "{B66EDF97-2A0C-45F5-8E51-6941B41B5B15}"
EndProject
Project("{9A19103F-16F7-4668-BE54-9A1E7A4F7556}") = "Prep5", "csharp-prep\Prep5\Prep5.csproj", "{FA2A7B03-BD4D-45BD-82FF-2072B3071AFE}"
EndProject
Project("{2150E333-8FDC-42A3-9474-1A3956D46DE8}") = "final", "final", "{A768BD63-5214-4028-9D75-900E2470659D}"
EndProject
Project("{9A19103F-16F7-4668-BE54-9A1E7A4F7556}") = "FinalProject", "final\FinalProject\FinalProject.csproj", "{EC24E6A1-27E2-4E50-8037-390468072304}"
EndProject
Project("{9A19103F-16F7-4668-BE54-9A1E7A4F7556}") = "Foundation1", "final\Foundation1\Foundation1.csproj", "{11A8492A-1573-47B3-89D5-6BCCB51E4753}"
EndProject
Project("{9A19103F-16F7-4668-BE54-9A1E7A4F7556}") = "Foundation2", "final\Foundation2\Foundation2.csproj", "{9EC74FC8-87F9-4E41-B74F-F470241619BF}"
EndProject
Project("{9A19103F-16F7-4668-BE54-9A1E7A4F7556}") = "Foundation3", "final\Foundation3\Foundation3.csproj", "{2CD716CA-5EFA-489C-B92B-381FAB96C878}"
EndProject
Project("{9A19103F-16F7-4668-BE54-9A1E7A4F7556}") = "Foundation4", "final\Foundation4\Foundation4.csproj", "{86C76243-5EA1-44E0-A0B6-687F8E9C428C}"
EndProject
Project("{2150E333-8FDC-42A3-9474-1A3956D46DE8}") = "prepare", "prepare", "{FF55B024-4BEF-4B91-A71B-084633CC7E5D}"
EndProject
Project("{9A19103F-16F7-4668-BE54-9A1E7A4F7556}") = "Learning02", "prepare\Learning02\Learning02.csproj", "{36F2B00A-17CF-427E-B4FB-581F7F3AEE27}"
EndProject
Project("{9A19103F-16F7-4668-BE54-9A1E7A4F7556}") = "Learning03", "prepare\Learning03\Learning03.csproj", "{FEE57025-D45C-4F90-8B59-3A8BEFFECF94}"
EndProject
Project("{9A19103F-16F7-4668-BE54-9A1E7A4F7556}") = "Learning04", "prepare\Learning04\Learning04.csproj", "{64EF9ACA-EB96-4119-86F1-D6E7E6AB40D0}"
EndProject
Project("{9A19103F-16F7-4668-BE54-9A1E7A4F7556}") = "Learning05", "prepare\Learning05\Learning05.csproj", "{D810DAA5-0483-47BD-867E-F07C8273473F}"
EndProject
Project("{2150E333-8FDC-42A3-9474-1A3956D46DE8}") = "prove", "prove", "{FA76FAEB-4342-4107-B7AA-AF999F6823C1}"
EndProject
Project("{9A19103F-16F7-4668-BE54-9A1E7A4F7556}") = "Develop02", "prove\Develop02\Develop02.csproj", "{CBCAC3EE-173C-45E4-97B0-09291A32407C}"
EndProject
Project("{9A19103F-16F7-4668-BE54-9A1E7A4F7556}") = "Develop03", "prove\Develop03\Develop03.csproj", "{80E4A2D2-47C5-4E75-BC0F-09EA8A95BA54}"
EndProject
Project("{9A19103F-16F7-4668-BE54-9A1E7A4F7556}") = "Develop04", "prove\Develop04\Develop04.csproj", "{7A7425BC-B605-4AC9-96DC-41074E825B37}"
EndProject
Project("{9A19103F-16F7-4668-BE54-9A1E7A4F7556}") = "Develop05", "prove\Develop05\Develop05.csproj", "{C461BE20-29A8-432F-9116-CA20E92E1525}"
EndProject
Project("{2150E333-8FDC-42A3-9474-1A3956D46DE8}") = "sandbox", "sandbox", "{08C27F9F-71E0-4A22-B07F-D9EA18DDE726}"
EndProject
Project("{9A19103F-16F7-4668-BE54-9A1E7A4F7556}") = "Sandbox", "sandbox\Sandbox\Sandbox.csproj", "{484E3A96-9225-4E6E-8876-C2B7245397A3}"
EndProject
Global
	GlobalSection(SolutionConfigurationPlatforms) = preSolution
		Debug|Any CPU = Debug|Any CPU
		Release|Any CPU = Release|Any CPU
	EndGlobalSection
	GlobalSection(ProjectConfigurationPlatforms) = postSolution
		{165F557E-93BC-4308-901B-7225D92A31E4}.Debug|Any CPU.ActiveCfg = Debug|Any CPU
		{165F557E-93BC-4308-901B-7225D92A31E4}.Debug|Any CPU.Build.0 = Debug|Any CPU
		{165F557E-93BC-4308-901B-7225D92A31E4}.Release|Any CPU.ActiveCfg = Release|Any CPU
		{165F557E-93BC-4308-901B-7225D92A31E4}.Release|Any CPU.Build.0 = Release|Any CPU
		{9B334CAA-3463-427C-8D8D-22C565F542DF}.Debug|Any CPU.ActiveCfg = Debug|Any CPU
		{9B334CAA-3463-427C-8D8D-22C565F542DF}.Debug|Any CPU.Build.0 = Debug|Any CPU
		{9B334CAA-3463-427C-8D8D-22C565F542DF}.Release|Any CPU.ActiveCfg = Release|Any CPU
		{9B334CAA-3463-427C-8D8D-22C565F542DF}.Release|Any CPU.Build.0 = Release|Any CPU
		{647E4FD7-34DF-43AD-9B50-93AE24E6665E}.Debug|Any CPU.ActiveCfg = Debug|Any CPU
		{647E4FD7-34DF-43AD-9B50-93AE24E6665E}.Debug|Any CPU.Build.0 = Debug|Any CPU
		{647E4FD7-34DF-43AD-9B50-93AE24E6665E}.Release|Any CPU.ActiveCfg = Release|Any CPU
		{647E4FD7-34DF-43AD-9B50-93AE24E6665E}.Release|Any CPU.Build.0 = Release|Any CPU
		{B66EDF97-2A0C-45F5-8E51-6941B41B5B15}.Debug|Any CPU.ActiveCfg = Debug|Any CPU
		{B66EDF97-2A0C-45F5-8E51-6941B41B5B15}.Debug|Any CPU.Build.0 = Debug|Any CPU
		{B66EDF97-2A0C-45F5-8E51-6941B41B5B15}.Release|Any CPU.ActiveCfg = Release|Any CPU
		{B66EDF97-2A0C-45F5-8E51-6941B41B5B15}.Release|Any CPU.Build.0 = Release|Any CPU
		{FA2A7B03-BD4D-45BD-82FF-2072B3071AFE}.Debug|Any CPU.ActiveCfg = Debug|Any CPU
		{FA2A7B03-BD4D-45BD-82FF-2072B3071AFE}.Debug|Any CPU.Build.0 = Debug|Any CPU
		{FA2A7B03-BD4D-45BD-82FF-2072B3071AFE}.Release|Any CPU.ActiveCfg = Release|Any CPU
		{FA2A7B03-BD4D-45BD-82FF-2072B3071AFE}.Release|Any CPU.Build.0 = Release|Any CPU
		{EC24E6A1-27E2-4E50-8037-390468072304}.Debug|Any CPU.ActiveCfg = Debug|Any CPU
		{EC24E6A1-27E2-4E50-8037-390468072304}.Debug|Any CPU.Build.0 = Debug|Any CPU
		{EC24E6A1-27E2-4E50-8037-390468072304}.Release|Any CPU.ActiveCfg = Release|Any CPU
		{EC24E6A1-27E2-4E50-8037-390468072304}.Release|Any CPU.Build.0 = Release|Any CPU
		{11A8492A-1573-47B3-89D5-6BCCB51E4753}.Debug|Any CPU.ActiveCfg = Debug|Any CPU
		{11A8492A-1573-47B3-89D5-6BCCB51E4753}.Debug|Any CPU.Build.0 = Debug|Any CPU
		{11A8492A-1573-47B3-89D5-6BCCB51E4753}.Release|Any CPU.ActiveCfg = Release|Any CPU
		{11A8492A-1573-47B3-89D5-6BCCB51E4753}.Release|Any CPU.Build.0 = Release|Any CPU
		{9EC74FC8-87F9-4E41-B74F-F470241619BF}.Debug|Any CPU.ActiveCfg = Debug|Any CPU
		{9EC74FC8-87F9-4E41-B74F-F470241619BF}.Debug|Any CPU.Build.0 = Debug|Any CPU
		{9EC74FC8-87F9-4E41-B74F-F470241619BF}.Release|Any CPU.ActiveCfg = Release|Any CPU
		{9EC74FC8-87F9-4E41-B74F-F470241619BF}.Release|Any CPU.Build.0 = Release|Any CPU
		{2CD716CA-5EFA-489C-B92B-381FAB96C878}.Debug|Any CPU.ActiveCfg = Debug|Any CPU
		{2CD716CA-5EFA-489C-B92B-381FAB96C878}.Debug|Any CPU.Build.0 = Debug|Any CPU
		{2CD716CA-5EFA-489C-B92B-381FAB96C878}.Release|Any CPU.ActiveCfg = Release|Any CPU
		{2CD716CA-5EFA-489C-B92B-381FAB96C878}.Release|Any CPU.Build.0 = Release|Any CPU
		{86C76243-5EA1-44E0-A0B6-687F8E9C428C}.Debug|Any CPU.ActiveCfg = Debug|Any CPU
		{86C76243-5EA1-44E0-A0B6-687F8E9C428C}.Debug|Any CPU.Build.0 = Debug|Any CPU
		{86C76243-5EA1-44E0-A0B6-687F8E9C428C}.Release|Any CPU.ActiveCfg = Release|Any CPU
		{86C76243-5EA1-44E0-A0B6-687F8E9C428C}.Release|Any CPU.Build.0 = Release|Any CPU
		{36F2B00A-17CF-427E-B4FB-581F7F3AEE27}.Debug|Any CPU.ActiveCfg = Debug|Any CPU
		{36F2B00A-17CF-427E-B4FB-581F7F3AEE27}.Debug|Any CPU.Build.0 = Debug|Any CPU
		{36F2B00A-17CF-427E-B4FB-581F7F3AEE27}.Release|Any CPU.ActiveCfg = Release|Any CPU
		{36F2B00A-17CF-427E-B4FB-581F7F3AEE27}.Release|Any CPU.Build.0 = Release|Any CPU
		{FEE57025-D45C-4F90-8B59-3A8BEFFECF94}.Debug|Any CPU.ActiveCfg = Debug|Any CPU
		{FEE57025-D45C-4F90-8B59-3A8BEFFECF94}.Debug|Any CPU.Build.0 = Debug|Any CPU
		{FEE57025-D45C-4F90-8B59-3A8BEFFECF94}.Release|Any CPU.ActiveCfg = Release|Any CPU
		{FEE57025-D45C-4F90-8B59-3A8BEFFECF94}.Release|Any CPU.Build.0 = Release|Any CPU
		{64EF9ACA-EB96-4119-86F1-D6E7E6AB40D0}.Debug|Any CPU.ActiveCfg = Debug|Any CPU
		{64EF9ACA-EB96-4119-86F1-D6E7E6AB40D0}.Debug|Any CPU.Build.0 = Debug|Any CPU
		{64EF9ACA-EB96-4119-86F1-D6E7E6AB40D0}.Release|Any CPU.ActiveCfg = Release|Any CPU
		{64EF9ACA-EB96-4119-86F1-D6E7E6AB40D0}.Release|Any CPU.Build.0 = Release|Any CPU
		{D810DAA5-0483-47BD-867E-F07C8273473F}.Debug|Any CPU.ActiveCfg = Debug|Any CPU
		{D810DAA5-0483-47BD-867E-F07C8273473F}.Debug|Any CPU.Build.0 = Debug|Any CPU
		{D810DAA5-0483-47BD-867E-F07C8273473F}.Release|Any CPU.ActiveCfg = Release|Any CPU
		{D810DAA5-0483-47BD-867E-F07C8273473F}.Release|Any CPU.Build.0 = Release|Any CPU
		{CBCAC3EE-173C-45E4-97B0-09291A32407C}.Debug|Any CPU.ActiveCfg = Debug|Any CPU
		{CBCAC3EE-173C-45E4-97B0-09291A32407C}.Debug|Any CPU.Build.0 = Debug|Any CPU
		{CBCAC3EE-173C-45E4-97B0-09291A32407C}.Release|Any CPU.ActiveCfg = Release|Any CPU
		{CBCAC3EE-173C-45E4-97B0-09291A32407C}.Release|Any CPU.Build.0 = Release|Any CPU
		{80E4A2D2-47C5-4E75-BC0F-09EA8A95BA54}.Debug|Any CPU.ActiveCfg = Debug|Any CPU
		{80E4A2D2-47C5-4E75-BC0F-09EA8A95BA54}.Debug|Any CPU.Build.0 = Debug|Any CPU
		{80E4A2D2-47C5-4E75-BC0F-09EA8A95BA54}.Release|Any CPU.ActiveCfg = Release|Any CPU
		{80E4A2D2-47C5-4E75-BC0F-09EA8A95BA54}.Release|Any CPU.Build.0 = Release|Any CPU
		{7A7425BC-B605-4AC9-96DC-41074E825B37}.Debug|Any CPU.ActiveCfg = Debug|Any CPU
		{7A7425BC-B605-4AC9-96DC-41074E825B37}.Debug|Any CPU.Build.0 = Debug|Any CPU
		{7A7425BC-B605-4AC9-96DC-41074E825B37}.Release|Any CPU.ActiveCfg = Release|Any CPU
		{7A7425BC-B605-4AC9-96DC-41074E825B37}.Release|Any CPU.Build.0 = Release|Any CPU
		{C461BE20-29A8-432F-9116-CA20E92E1525}.Debug|Any CPU.ActiveCfg = Debug|Any CPU
		{C461BE20-29A8-432F-9116-CA20E92E1525}.Debug|Any CPU.Build.0 = Debug|Any CPU
		{C461BE20-29A8-432F-9116-CA20E92E1525}.Release|Any CPU.ActiveCfg = Release|Any CPU
		{C461BE20-29A8-432F-9116-CA20E92E1525}.Release|Any CPU.Build.0 = Release|Any CPU
		{484E3A96-9225-4E6E-8876-C2B7245397A3}.Debug|Any CPU.ActiveCfg = Debug|Any CPU
		{484E3A96-9225-4E6E-8876-C2B7245397A3}.Debug|Any CPU.Build.0 = Debug|Any CPU
		{484E3A96-9225-4E6E-8876-C2B7245397A3}.Release|Any CPU.ActiveCfg = Release|Any CPU
		{484E3A96-9225-4E6E-8876-C2B7245397A3}.Release|Any CPU.Build.0 = Release|Any CPU
	EndGlobalSection
	GlobalSection(SolutionProperties) = preSolution
		HideSolutionNode = FALSE
	EndGlobalSection
	GlobalSection(NestedProjects) = preSolution
		{165F557E-93BC-4308-901B-7225D92A31E4} = {506B51C9-59EB-44EB-A6DC-E77BC6C1885C}
		{9B334CAA-3463-427C-8D8D-22C565F542DF} = {506B51C9-59EB-44EB-A6DC-E77BC6C1885C}
		{647E4FD7-34DF-43AD-9B50-93AE24E6665E} = {506B51C9-59EB-44EB-A6DC-E77BC6C1885C}
		{B66EDF97-2A0C-45F5-8E51-6941B41B5B15} = {506B51C9-59EB-44EB-A6DC-E77BC6C1885C}
		{FA2A7B03-BD4D-45BD-82FF-2072B3071AFE} = {506B51C9-59EB-44EB-A6DC-E77BC6C1885C}
		{EC24E6A1-27E2-4E50-8037-390468072304} = {A768BD63-5214-4028-9D75-900E2470659D}
		{11A8492A-1573-47B3-89D5-6BCCB51E4753} = {A768BD63-5214-4028-9D75-900E2470659D}
		{9EC74FC8-87F9-4E41-B74F-F470241619BF} = {A768BD63-5214-4028-9D75-900E2470659D}
		{2CD716CA-5EFA-489C-B92B-381FAB96C878} = {A768BD63-5214-4028-9D75-900E2470659D}
		{86C76243-5EA1-44E0-A0B6-687F8E9C428C} = {A768BD63-5214-4028-9D75-900E2470659D}
		{36F2B00A-17CF-427E-B4FB-581F7F3AEE27} = {FF55B024-4BEF-4B91-A71B-084633CC7E5D}
		{FEE57025-D45C-4F90-8B59-3A8BEFFECF94} = {FF55B024-4BEF-4B91-A71B-084633CC7E5D}
		{64EF9ACA-EB96-4119-86F1-D6E7E6AB40D0} = {FF55B024-4BEF-4B91-A71B-084633CC7E5D}
		{D810DAA5-0483-47BD-867E-F07C8273473F} = {FF55B024-4BEF-4B91-A71B-084633CC7E5D}
		{CBCAC3EE-173C-45E4-97B0-09291A32407C} = {FA76FAEB-4342-4107-B7AA-AF999F6823C1}
		{80E4A2D2-47C5-4E75-BC0F-09EA8A95BA54} = {FA76FAEB-4342-4107-B7AA-AF999F6823C1}
		{7A7425BC-B605-4AC9-96DC-41074E825B37} = {FA76FAEB-4342-4107-B7AA-AF999F6823C1}
		{C461BE20-29A8-432F-9116-CA20E92E1525} = {FA76FAEB-4342-4107-B7AA-AF999F6823C1}
		{484E3A96-9225-4E6E-8876-C2B7245397A3} = {08C27F9F-71E0-4A22-B07F-D9EA18DDE726}
	EndGlobalSection
	GlobalSection(ExtensibilityGlobals) = postSolution
		SolutionGuid = {B2004ADF-2890-4A53-A93E-BBD7C641275A}
	EndGlobalSection
EndGlobal
